
Microsoft Visual Studio Solution File, Format Version 12.00
# Visual Studio Version 16
VisualStudioVersion = 16.0.31112.23
MinimumVisualStudioVersion = 10.0.40219.1
Project("{FAE04EC0-301F-11D3-BF4B-00C04F79EFBC}") = "DetectorWorker", "DetectorWorker.csproj", "{677A8287-1C33-42BC-86CA-DBF791B0840D}"
EndProject
Global
	GlobalSection(SolutionConfigurationPlatforms) = preSolution
		Debug|Any CPU = Debug|Any CPU
		Release|Any CPU = Release|Any CPU
	EndGlobalSection
	GlobalSection(ProjectConfigurationPlatforms) = postSolution
		{677A8287-1C33-42BC-86CA-DBF791B0840D}.Debug|Any CPU.ActiveCfg = Debug|Any CPU
		{677A8287-1C33-42BC-86CA-DBF791B0840D}.Debug|Any CPU.Build.0 = Debug|Any CPU
		{677A8287-1C33-42BC-86CA-DBF791B0840D}.Release|Any CPU.ActiveCfg = Release|Any CPU
		{677A8287-1C33-42BC-86CA-DBF791B0840D}.Release|Any CPU.Build.0 = Release|Any CPU
	EndGlobalSection
	GlobalSection(SolutionProperties) = preSolution
		HideSolutionNode = FALSE
	EndGlobalSection
	GlobalSection(ExtensibilityGlobals) = postSolution
		SolutionGuid = {2CA70036-F3FA-4908-8654-6B6872B8B69F}
	EndGlobalSection
EndGlobal
